
Microsoft Visual Studio Solution File, Format Version 12.00
# Visual Studio Version 17
VisualStudioVersion = 17.2.32519.379
MinimumVisualStudioVersion = 10.0.40219.1
Project("{FAE04EC0-301F-11D3-BF4B-00C04F79EFBC}") = "JsonParseToDatabase", "JsonParseToDatabase\JsonParseToDatabase.csproj", "{4554BCB5-50DF-4ACE-A3A6-9C2E238789E7}"
EndProject
Global
	GlobalSection(SolutionConfigurationPlatforms) = preSolution
		Debug|Any CPU = Debug|Any CPU
		Release|Any CPU = Release|Any CPU
	EndGlobalSection
	GlobalSection(ProjectConfigurationPlatforms) = postSolution
		{4554BCB5-50DF-4ACE-A3A6-9C2E238789E7}.Debug|Any CPU.ActiveCfg = Debug|Any CPU
		{4554BCB5-50DF-4ACE-A3A6-9C2E238789E7}.Debug|Any CPU.Build.0 = Debug|Any CPU
		{4554BCB5-50DF-4ACE-A3A6-9C2E238789E7}.Release|Any CPU.ActiveCfg = Release|Any CPU
		{4554BCB5-50DF-4ACE-A3A6-9C2E238789E7}.Release|Any CPU.Build.0 = Release|Any CPU
	EndGlobalSection
	GlobalSection(SolutionProperties) = preSolution
		HideSolutionNode = FALSE
	EndGlobalSection
	GlobalSection(ExtensibilityGlobals) = postSolution
		SolutionGuid = {78CE35B2-B405-4014-B113-92496D63F884}
	EndGlobalSection
EndGlobal
